
Microsoft Visual Studio Solution File, Format Version 12.00
# Visual Studio Version 17
VisualStudioVersion = 17.13.35825.156 d17.13
MinimumVisualStudioVersion = 10.0.40219.1
Project("{FAE04EC0-301F-11D3-BF4B-00C04F79EFBC}") = "Sempa.PLL", "Sempa.PLL\Sempa.PLL.csproj", "{DE44561F-CFC0-449E-BFD6-A9983C4CD653}"
EndProject
Project("{FAE04EC0-301F-11D3-BF4B-00C04F79EFBC}") = "Sempa.BLL", "Sempa.BLL\Sempa.BLL.csproj", "{BAD5337F-80A6-48BF-AEF7-5EC7CA2FDE3D}"
EndProject
Project("{FAE04EC0-301F-11D3-BF4B-00C04F79EFBC}") = "Sempa.DAL", "Sempa.DAL\Sempa.DAL.csproj", "{9C75B519-FD6D-490C-AE67-E1E8D1F946BC}"
EndProject
Global
	GlobalSection(SolutionConfigurationPlatforms) = preSolution
		Debug|Any CPU = Debug|Any CPU
		Release|Any CPU = Release|Any CPU
	EndGlobalSection
	GlobalSection(ProjectConfigurationPlatforms) = postSolution
		{DE44561F-CFC0-449E-BFD6-A9983C4CD653}.Debug|Any CPU.ActiveCfg = Debug|Any CPU
		{DE44561F-CFC0-449E-BFD6-A9983C4CD653}.Debug|Any CPU.Build.0 = Debug|Any CPU
		{DE44561F-CFC0-449E-BFD6-A9983C4CD653}.Release|Any CPU.ActiveCfg = Release|Any CPU
		{DE44561F-CFC0-449E-BFD6-A9983C4CD653}.Release|Any CPU.Build.0 = Release|Any CPU
		{BAD5337F-80A6-48BF-AEF7-5EC7CA2FDE3D}.Debug|Any CPU.ActiveCfg = Debug|Any CPU
		{BAD5337F-80A6-48BF-AEF7-5EC7CA2FDE3D}.Debug|Any CPU.Build.0 = Debug|Any CPU
		{BAD5337F-80A6-48BF-AEF7-5EC7CA2FDE3D}.Release|Any CPU.ActiveCfg = Release|Any CPU
		{BAD5337F-80A6-48BF-AEF7-5EC7CA2FDE3D}.Release|Any CPU.Build.0 = Release|Any CPU
		{9C75B519-FD6D-490C-AE67-E1E8D1F946BC}.Debug|Any CPU.ActiveCfg = Debug|Any CPU
		{9C75B519-FD6D-490C-AE67-E1E8D1F946BC}.Debug|Any CPU.Build.0 = Debug|Any CPU
		{9C75B519-FD6D-490C-AE67-E1E8D1F946BC}.Release|Any CPU.ActiveCfg = Release|Any CPU
		{9C75B519-FD6D-490C-AE67-E1E8D1F946BC}.Release|Any CPU.Build.0 = Release|Any CPU
	EndGlobalSection
	GlobalSection(SolutionProperties) = preSolution
		HideSolutionNode = FALSE
	EndGlobalSection
	GlobalSection(ExtensibilityGlobals) = postSolution
		SolutionGuid = {941EB428-2403-4C74-8268-1360A3D12B27}
	EndGlobalSection
EndGlobal
